
Microsoft Visual Studio Solution File, Format Version 12.00
# Visual Studio Version 17
VisualStudioVersion = 17.4.33213.308
MinimumVisualStudioVersion = 10.0.40219.1
Project("{FAE04EC0-301F-11D3-BF4B-00C04F79EFBC}") = "Cadastro", "Cadastro\Cadastro.csproj", "{09619367-E952-47C6-87C7-0B7BD1DAF65A}"
EndProject
Global
	GlobalSection(SolutionConfigurationPlatforms) = preSolution
		Debug|Any CPU = Debug|Any CPU
		Release|Any CPU = Release|Any CPU
	EndGlobalSection
	GlobalSection(ProjectConfigurationPlatforms) = postSolution
		{09619367-E952-47C6-87C7-0B7BD1DAF65A}.Debug|Any CPU.ActiveCfg = Debug|Any CPU
		{09619367-E952-47C6-87C7-0B7BD1DAF65A}.Debug|Any CPU.Build.0 = Debug|Any CPU
		{09619367-E952-47C6-87C7-0B7BD1DAF65A}.Release|Any CPU.ActiveCfg = Release|Any CPU
		{09619367-E952-47C6-87C7-0B7BD1DAF65A}.Release|Any CPU.Build.0 = Release|Any CPU
	EndGlobalSection
	GlobalSection(SolutionProperties) = preSolution
		HideSolutionNode = FALSE
	EndGlobalSection
	GlobalSection(ExtensibilityGlobals) = postSolution
		SolutionGuid = {97C43718-8B15-456F-BBDB-12C4ED9B50E3}
	EndGlobalSection
EndGlobal
